// !$*UTF8*$!
{
	archiveVersion = 1;
	classes = {
	};
	objectVersion = 51;
	objects = {

/* Begin PBXBuildFile section */
		4CBC980EF59E068766319EC8 /* Pods_FreeAgent_Tech_Test.framework in Frameworks */ = {isa = PBXBuildFile; fileRef = 5BC2502DB1C86BFACA765B7A /* Pods_FreeAgent_Tech_Test.framework */; };
		5BF489F1E77F25D845D61411 /* Pods_FreeAgent_Tech_TestTests.framework in Frameworks */ = {isa = PBXBuildFile; fileRef = D2F9D60B695F5D06DE4841F3 /* Pods_FreeAgent_Tech_TestTests.framework */; };
		68FAF3CF7C733824A36C11DF /* Pods_FreeAgent_Tech_Test_FreeAgent_Tech_TestUITests.framework in Frameworks */ = {isa = PBXBuildFile; fileRef = ACB09905362586E23AC6C994 /* Pods_FreeAgent_Tech_Test_FreeAgent_Tech_TestUITests.framework */; };
		FABB350B27D653AC00A1CEB6 /* Storyboardable.swift in Sources */ = {isa = PBXBuildFile; fileRef = FABB350A27D653AC00A1CEB6 /* Storyboardable.swift */; };
		FABB351027D6588500A1CEB6 /* main.swift in Sources */ = {isa = PBXBuildFile; fileRef = FABB350F27D6588500A1CEB6 /* main.swift */; };
		FABB352327D6599100A1CEB6 /* MyApplication.swift in Sources */ = {isa = PBXBuildFile; fileRef = FABB352227D6599100A1CEB6 /* MyApplication.swift */; };
		FABB352E27D7961100A1CEB6 /* UIColor+Extensions.swift in Sources */ = {isa = PBXBuildFile; fileRef = FABB352D27D7961100A1CEB6 /* UIColor+Extensions.swift */; };
		FABB353627D7AFE900A1CEB6 /* FreeAgentButton.swift in Sources */ = {isa = PBXBuildFile; fileRef = FABB353527D7AFE900A1CEB6 /* FreeAgentButton.swift */; };
		FABB354627D7C0C100A1CEB6 /* RequestType.swift in Sources */ = {isa = PBXBuildFile; fileRef = FABB354527D7C0C100A1CEB6 /* RequestType.swift */; };
		FABB355627D7D02D00A1CEB6 /* Currency.swift in Sources */ = {isa = PBXBuildFile; fileRef = FABB355527D7D02D00A1CEB6 /* Currency.swift */; };
		FABB355B27D7DE6000A1CEB6 /* AlertConfig.swift in Sources */ = {isa = PBXBuildFile; fileRef = FABB355A27D7DE6000A1CEB6 /* AlertConfig.swift */; };
		FABB356027D7E86E00A1CEB6 /* Endpoints.swift in Sources */ = {isa = PBXBuildFile; fileRef = FABB355F27D7E86E00A1CEB6 /* Endpoints.swift */; };
		FAD42FEE27D8F83E002FF179 /* APICall.swift in Sources */ = {isa = PBXBuildFile; fileRef = FAD42FED27D8F83E002FF179 /* APICall.swift */; };
		FADAB5E627DB60D4001AE5B5 /* DateFormatter+Extensions.swift in Sources */ = {isa = PBXBuildFile; fileRef = FADAB5E527DB60D4001AE5B5 /* DateFormatter+Extensions.swift */; };
		FADAB5EB27DB633C001AE5B5 /* Date+Extensions.swift in Sources */ = {isa = PBXBuildFile; fileRef = FADAB5EA27DB633C001AE5B5 /* Date+Extensions.swift */; };
		FADAB5FD27DB7324001AE5B5 /* FixerIOClient.swift in Sources */ = {isa = PBXBuildFile; fileRef = FADAB5FC27DB7324001AE5B5 /* FixerIOClient.swift */; };
		FADAB61127DB7E01001AE5B5 /* CurrencyConverterComparisonCell.swift in Sources */ = {isa = PBXBuildFile; fileRef = FADAB60F27DB7E01001AE5B5 /* CurrencyConverterComparisonCell.swift */; };
		FADAB61227DB7E01001AE5B5 /* CurrencyConverterComparisonCell.xib in Resources */ = {isa = PBXBuildFile; fileRef = FADAB61027DB7E01001AE5B5 /* CurrencyConverterComparisonCell.xib */; };
		FADAB61D27DB7E3C001AE5B5 /* CurrencyConverterComparisonCellViewModel.swift in Sources */ = {isa = PBXBuildFile; fileRef = FADAB61C27DB7E3C001AE5B5 /* CurrencyConverterComparisonCellViewModel.swift */; };
		FADAB62E27DB986A001AE5B5 /* CurrencyConverterComparisonViewController.swift in Sources */ = {isa = PBXBuildFile; fileRef = FADAB62D27DB986A001AE5B5 /* CurrencyConverterComparisonViewController.swift */; };
		FADAB63327DB99C6001AE5B5 /* CurrencyConverterComparisonViewModel.swift in Sources */ = {isa = PBXBuildFile; fileRef = FADAB63227DB99C6001AE5B5 /* CurrencyConverterComparisonViewModel.swift */; };
		FADAB63E27DBBD82001AE5B5 /* CurrencyConverterComparisonHeaderView.xib in Resources */ = {isa = PBXBuildFile; fileRef = FADAB63D27DBBD82001AE5B5 /* CurrencyConverterComparisonHeaderView.xib */; };
		FADAB64327DBBFE2001AE5B5 /* CurrencyConverterComparisonHeaderViewModel.swift in Sources */ = {isa = PBXBuildFile; fileRef = FADAB64227DBBFE2001AE5B5 /* CurrencyConverterComparisonHeaderViewModel.swift */; };
		FADAB64927DBC0D0001AE5B5 /* InterfaceBuilderView.swift in Sources */ = {isa = PBXBuildFile; fileRef = FADAB64827DBC0D0001AE5B5 /* InterfaceBuilderView.swift */; };
		FADAB65927DBCDF0001AE5B5 /* CurrencyConverterComparisonViewModelTests.swift in Sources */ = {isa = PBXBuildFile; fileRef = FADAB65827DBCDF0001AE5B5 /* CurrencyConverterComparisonViewModelTests.swift */; };
		FADAB65D27DBCDF8001AE5B5 /* CurrencyConverterComparisonViewModel.swift in Sources */ = {isa = PBXBuildFile; fileRef = FADAB63227DB99C6001AE5B5 /* CurrencyConverterComparisonViewModel.swift */; };
		FADAB66527DBCF68001AE5B5 /* CurrencyConverterOverviewViewController.swift in Sources */ = {isa = PBXBuildFile; fileRef = FAEA087727D4FDFA00D38E40 /* CurrencyConverterOverviewViewController.swift */; };
		FADAB66927DBCF6B001AE5B5 /* CurrencyConverterOverviewViewModel.swift in Sources */ = {isa = PBXBuildFile; fileRef = FAEA088427D503DE00D38E40 /* CurrencyConverterOverviewViewModel.swift */; };
		FADAB66D27DBD038001AE5B5 /* FixerIOClient.swift in Sources */ = {isa = PBXBuildFile; fileRef = FADAB5FC27DB7324001AE5B5 /* FixerIOClient.swift */; };
		FADAB67127DBD090001AE5B5 /* Currency.swift in Sources */ = {isa = PBXBuildFile; fileRef = FABB355527D7D02D00A1CEB6 /* Currency.swift */; };
		FADAB67A27DCFA5E001AE5B5 /* MockFixerIOClient.swift in Sources */ = {isa = PBXBuildFile; fileRef = FADAB67927DCFA5E001AE5B5 /* MockFixerIOClient.swift */; };
		FADAB68E27DD0C1F001AE5B5 /* CurrencyConverterOverviewCellViewModel.swift in Sources */ = {isa = PBXBuildFile; fileRef = FAEA08AD27D519A000D38E40 /* CurrencyConverterOverviewCellViewModel.swift */; };
		FADAB69227DD0C2E001AE5B5 /* CurrencyConverterComparisonCellViewModel.swift in Sources */ = {isa = PBXBuildFile; fileRef = FADAB61C27DB7E3C001AE5B5 /* CurrencyConverterComparisonCellViewModel.swift */; };
		FADAB69A27DD0CC8001AE5B5 /* CurrencyConverterComparisonHeaderViewModel.swift in Sources */ = {isa = PBXBuildFile; fileRef = FADAB64227DBBFE2001AE5B5 /* CurrencyConverterComparisonHeaderViewModel.swift */; };
		FADAB6A127DD0CDC001AE5B5 /* CurrencyConverterComparisonHeaderView.swift in Sources */ = {isa = PBXBuildFile; fileRef = FADAB63727DBBD5F001AE5B5 /* CurrencyConverterComparisonHeaderView.swift */; };
		FADAB6A527DD0D01001AE5B5 /* AlertConfig.swift in Sources */ = {isa = PBXBuildFile; fileRef = FABB355A27D7DE6000A1CEB6 /* AlertConfig.swift */; };
		FADAB6B027DD0E08001AE5B5 /* CurrencyConverterComparisonCell.swift in Sources */ = {isa = PBXBuildFile; fileRef = FADAB60F27DB7E01001AE5B5 /* CurrencyConverterComparisonCell.swift */; };
		FADAB6B827DD0E84001AE5B5 /* InterfaceBuilderView.swift in Sources */ = {isa = PBXBuildFile; fileRef = FADAB64827DBC0D0001AE5B5 /* InterfaceBuilderView.swift */; };
		FADAB6BC27DD0E96001AE5B5 /* Storyboardable.swift in Sources */ = {isa = PBXBuildFile; fileRef = FABB350A27D653AC00A1CEB6 /* Storyboardable.swift */; };
		FADAB6C027DD0E9F001AE5B5 /* CurrencyConverterOverviewCell.swift in Sources */ = {isa = PBXBuildFile; fileRef = FAEA08D127D62B5500D38E40 /* CurrencyConverterOverviewCell.swift */; };
		FADAB6C427DD0EBB001AE5B5 /* APICall.swift in Sources */ = {isa = PBXBuildFile; fileRef = FAD42FED27D8F83E002FF179 /* APICall.swift */; };
		FADAB6C827DD0F05001AE5B5 /* UIColor+Extensions.swift in Sources */ = {isa = PBXBuildFile; fileRef = FABB352D27D7961100A1CEB6 /* UIColor+Extensions.swift */; };
		FADAB6CC27DD0F2C001AE5B5 /* Endpoints.swift in Sources */ = {isa = PBXBuildFile; fileRef = FABB355F27D7E86E00A1CEB6 /* Endpoints.swift */; };
		FADAB6D027DD0F2E001AE5B5 /* RequestType.swift in Sources */ = {isa = PBXBuildFile; fileRef = FABB354527D7C0C100A1CEB6 /* RequestType.swift */; };
		FADAB6D427DD0F80001AE5B5 /* Date+Extensions.swift in Sources */ = {isa = PBXBuildFile; fileRef = FADAB5EA27DB633C001AE5B5 /* Date+Extensions.swift */; };
		FADAB6DE27DD0FF6001AE5B5 /* DateFormatter+Extensions.swift in Sources */ = {isa = PBXBuildFile; fileRef = FADAB5E527DB60D4001AE5B5 /* DateFormatter+Extensions.swift */; };
		FADAB6F127DD14A3001AE5B5 /* XCTestExpectations+Extensions.swift in Sources */ = {isa = PBXBuildFile; fileRef = FADAB6EC27DD1499001AE5B5 /* XCTestExpectations+Extensions.swift */; };
		FADAB6F927DD3BAF001AE5B5 /* CurrencyConverterOverviewViewModelTests.swift in Sources */ = {isa = PBXBuildFile; fileRef = FADAB6F827DD3BAF001AE5B5 /* CurrencyConverterOverviewViewModelTests.swift */; };
		FAEA07DD27D3AF1E00D38E40 /* AppDelegate.swift in Sources */ = {isa = PBXBuildFile; fileRef = FAEA07DC27D3AF1E00D38E40 /* AppDelegate.swift */; };
		FAEA07DF27D3AF1E00D38E40 /* SceneDelegate.swift in Sources */ = {isa = PBXBuildFile; fileRef = FAEA07DE27D3AF1E00D38E40 /* SceneDelegate.swift */; };
		FAEA07E427D3AF1E00D38E40 /* Main.storyboard in Resources */ = {isa = PBXBuildFile; fileRef = FAEA07E227D3AF1E00D38E40 /* Main.storyboard */; };
		FAEA07E627D3AF1F00D38E40 /* Assets.xcassets in Resources */ = {isa = PBXBuildFile; fileRef = FAEA07E527D3AF1F00D38E40 /* Assets.xcassets */; };
		FAEA07E927D3AF1F00D38E40 /* LaunchScreen.storyboard in Resources */ = {isa = PBXBuildFile; fileRef = FAEA07E727D3AF1F00D38E40 /* LaunchScreen.storyboard */; };
		FAEA07FF27D3AF2000D38E40 /* FreeAgent_Tech_TestUITests.swift in Sources */ = {isa = PBXBuildFile; fileRef = FAEA07FE27D3AF2000D38E40 /* FreeAgent_Tech_TestUITests.swift */; };
		FAEA082A27D3BE6E00D38E40 /* AppCoordinator.swift in Sources */ = {isa = PBXBuildFile; fileRef = FAEA082927D3BE6E00D38E40 /* AppCoordinator.swift */; };
		FAEA083327D3BF0F00D38E40 /* Coordinator.swift in Sources */ = {isa = PBXBuildFile; fileRef = FAEA083227D3BF0F00D38E40 /* Coordinator.swift */; };
		FAEA084227D3C38D00D38E40 /* Error.swift in Sources */ = {isa = PBXBuildFile; fileRef = FAEA084127D3C38D00D38E40 /* Error.swift */; };
		FAEA084C27D3C6D400D38E40 /* CurrencyConverterCoordinator.swift in Sources */ = {isa = PBXBuildFile; fileRef = FAEA084B27D3C6D400D38E40 /* CurrencyConverterCoordinator.swift */; };
		FAEA087827D4FDFA00D38E40 /* CurrencyConverterOverviewViewController.swift in Sources */ = {isa = PBXBuildFile; fileRef = FAEA087727D4FDFA00D38E40 /* CurrencyConverterOverviewViewController.swift */; };
		FAEA087D27D4FE1700D38E40 /* CurrencyConverter.storyboard in Resources */ = {isa = PBXBuildFile; fileRef = FAEA087C27D4FE1700D38E40 /* CurrencyConverter.storyboard */; };
		FAEA088527D503DE00D38E40 /* CurrencyConverterOverviewViewModel.swift in Sources */ = {isa = PBXBuildFile; fileRef = FAEA088427D503DE00D38E40 /* CurrencyConverterOverviewViewModel.swift */; };
		FAEA08AE27D519A000D38E40 /* CurrencyConverterOverviewCellViewModel.swift in Sources */ = {isa = PBXBuildFile; fileRef = FAEA08AD27D519A000D38E40 /* CurrencyConverterOverviewCellViewModel.swift */; };
		FAEA08B627D536FF00D38E40 /* ObservableConvertible+RxExtensions.swift in Sources */ = {isa = PBXBuildFile; fileRef = FAEA08B527D536FF00D38E40 /* ObservableConvertible+RxExtensions.swift */; };
		FAEA08D227D62B5500D38E40 /* CurrencyConverterOverviewCell.swift in Sources */ = {isa = PBXBuildFile; fileRef = FAEA08D127D62B5500D38E40 /* CurrencyConverterOverviewCell.swift */; };
		FAEA08DA27D62DB300D38E40 /* CurrencyConverterOverviewCell.xib in Resources */ = {isa = PBXBuildFile; fileRef = FAEA08D927D62DB300D38E40 /* CurrencyConverterOverviewCell.xib */; };
		FAEA08E227D635D300D38E40 /* UITableViewExtensions.swift in Sources */ = {isa = PBXBuildFile; fileRef = FAEA08E127D635D300D38E40 /* UITableViewExtensions.swift */; };
/* End PBXBuildFile section */

/* Begin PBXContainerItemProxy section */
		FAEA07F027D3AF1F00D38E40 /* PBXContainerItemProxy */ = {
			isa = PBXContainerItemProxy;
			containerPortal = FAEA07D127D3AF1E00D38E40 /* Project object */;
			proxyType = 1;
			remoteGlobalIDString = FAEA07D827D3AF1E00D38E40;
			remoteInfo = "FreeAgent Tech Test";
		};
		FAEA07FB27D3AF2000D38E40 /* PBXContainerItemProxy */ = {
			isa = PBXContainerItemProxy;
			containerPortal = FAEA07D127D3AF1E00D38E40 /* Project object */;
			proxyType = 1;
			remoteGlobalIDString = FAEA07D827D3AF1E00D38E40;
			remoteInfo = "FreeAgent Tech Test";
		};
/* End PBXContainerItemProxy section */

/* Begin PBXFileReference section */
		5BC2502DB1C86BFACA765B7A /* Pods_FreeAgent_Tech_Test.framework */ = {isa = PBXFileReference; explicitFileType = wrapper.framework; includeInIndex = 0; path = Pods_FreeAgent_Tech_Test.framework; sourceTree = BUILT_PRODUCTS_DIR; };
		768B54DB7D3B942587D2D9CA /* Pods-FreeAgent Tech Test-FreeAgent Tech TestUITests.debug.xcconfig */ = {isa = PBXFileReference; includeInIndex = 1; lastKnownFileType = text.xcconfig; name = "Pods-FreeAgent Tech Test-FreeAgent Tech TestUITests.debug.xcconfig"; path = "Target Support Files/Pods-FreeAgent Tech Test-FreeAgent Tech TestUITests/Pods-FreeAgent Tech Test-FreeAgent Tech TestUITests.debug.xcconfig"; sourceTree = "<group>"; };
		7B18D47AAFB4EE89D8EC11CE /* Pods-FreeAgent Tech Test-FreeAgent Tech TestUITests.release.xcconfig */ = {isa = PBXFileReference; includeInIndex = 1; lastKnownFileType = text.xcconfig; name = "Pods-FreeAgent Tech Test-FreeAgent Tech TestUITests.release.xcconfig"; path = "Target Support Files/Pods-FreeAgent Tech Test-FreeAgent Tech TestUITests/Pods-FreeAgent Tech Test-FreeAgent Tech TestUITests.release.xcconfig"; sourceTree = "<group>"; };
		ACB09905362586E23AC6C994 /* Pods_FreeAgent_Tech_Test_FreeAgent_Tech_TestUITests.framework */ = {isa = PBXFileReference; explicitFileType = wrapper.framework; includeInIndex = 0; path = Pods_FreeAgent_Tech_Test_FreeAgent_Tech_TestUITests.framework; sourceTree = BUILT_PRODUCTS_DIR; };
		D2F9D60B695F5D06DE4841F3 /* Pods_FreeAgent_Tech_TestTests.framework */ = {isa = PBXFileReference; explicitFileType = wrapper.framework; includeInIndex = 0; path = Pods_FreeAgent_Tech_TestTests.framework; sourceTree = BUILT_PRODUCTS_DIR; };
		DD0300DC2158325EE45C99FB /* Pods-FreeAgent Tech TestTests.release.xcconfig */ = {isa = PBXFileReference; includeInIndex = 1; lastKnownFileType = text.xcconfig; name = "Pods-FreeAgent Tech TestTests.release.xcconfig"; path = "Target Support Files/Pods-FreeAgent Tech TestTests/Pods-FreeAgent Tech TestTests.release.xcconfig"; sourceTree = "<group>"; };
		E5746ACCA94D4260543D5CD8 /* Pods-FreeAgent Tech Test.release.xcconfig */ = {isa = PBXFileReference; includeInIndex = 1; lastKnownFileType = text.xcconfig; name = "Pods-FreeAgent Tech Test.release.xcconfig"; path = "Target Support Files/Pods-FreeAgent Tech Test/Pods-FreeAgent Tech Test.release.xcconfig"; sourceTree = "<group>"; };
		F04119C1AC6C9E329D4D28AF /* Pods-FreeAgent Tech TestTests.debug.xcconfig */ = {isa = PBXFileReference; includeInIndex = 1; lastKnownFileType = text.xcconfig; name = "Pods-FreeAgent Tech TestTests.debug.xcconfig"; path = "Target Support Files/Pods-FreeAgent Tech TestTests/Pods-FreeAgent Tech TestTests.debug.xcconfig"; sourceTree = "<group>"; };
		F4415A25C9CBC040CC49E081 /* Pods-FreeAgent Tech Test.debug.xcconfig */ = {isa = PBXFileReference; includeInIndex = 1; lastKnownFileType = text.xcconfig; name = "Pods-FreeAgent Tech Test.debug.xcconfig"; path = "Target Support Files/Pods-FreeAgent Tech Test/Pods-FreeAgent Tech Test.debug.xcconfig"; sourceTree = "<group>"; };
		FABB350A27D653AC00A1CEB6 /* Storyboardable.swift */ = {isa = PBXFileReference; lastKnownFileType = sourcecode.swift; path = Storyboardable.swift; sourceTree = "<group>"; };
		FABB350F27D6588500A1CEB6 /* main.swift */ = {isa = PBXFileReference; lastKnownFileType = sourcecode.swift; path = main.swift; sourceTree = "<group>"; };
		FABB352227D6599100A1CEB6 /* MyApplication.swift */ = {isa = PBXFileReference; lastKnownFileType = sourcecode.swift; path = MyApplication.swift; sourceTree = "<group>"; };
		FABB352D27D7961100A1CEB6 /* UIColor+Extensions.swift */ = {isa = PBXFileReference; lastKnownFileType = sourcecode.swift; path = "UIColor+Extensions.swift"; sourceTree = "<group>"; };
		FABB353527D7AFE900A1CEB6 /* FreeAgentButton.swift */ = {isa = PBXFileReference; lastKnownFileType = sourcecode.swift; path = FreeAgentButton.swift; sourceTree = "<group>"; };
		FABB354527D7C0C100A1CEB6 /* RequestType.swift */ = {isa = PBXFileReference; lastKnownFileType = sourcecode.swift; path = RequestType.swift; sourceTree = "<group>"; };
		FABB355527D7D02D00A1CEB6 /* Currency.swift */ = {isa = PBXFileReference; lastKnownFileType = sourcecode.swift; path = Currency.swift; sourceTree = "<group>"; };
		FABB355A27D7DE6000A1CEB6 /* AlertConfig.swift */ = {isa = PBXFileReference; lastKnownFileType = sourcecode.swift; path = AlertConfig.swift; sourceTree = "<group>"; };
		FABB355F27D7E86E00A1CEB6 /* Endpoints.swift */ = {isa = PBXFileReference; lastKnownFileType = sourcecode.swift; path = Endpoints.swift; sourceTree = "<group>"; };
		FAD42FED27D8F83E002FF179 /* APICall.swift */ = {isa = PBXFileReference; lastKnownFileType = sourcecode.swift; path = APICall.swift; sourceTree = "<group>"; };
		FADAB5E527DB60D4001AE5B5 /* DateFormatter+Extensions.swift */ = {isa = PBXFileReference; lastKnownFileType = sourcecode.swift; path = "DateFormatter+Extensions.swift"; sourceTree = "<group>"; };
		FADAB5EA27DB633C001AE5B5 /* Date+Extensions.swift */ = {isa = PBXFileReference; lastKnownFileType = sourcecode.swift; path = "Date+Extensions.swift"; sourceTree = "<group>"; };
		FADAB5FC27DB7324001AE5B5 /* FixerIOClient.swift */ = {isa = PBXFileReference; lastKnownFileType = sourcecode.swift; path = FixerIOClient.swift; sourceTree = "<group>"; };
		FADAB60F27DB7E01001AE5B5 /* CurrencyConverterComparisonCell.swift */ = {isa = PBXFileReference; lastKnownFileType = sourcecode.swift; path = CurrencyConverterComparisonCell.swift; sourceTree = "<group>"; };
		FADAB61027DB7E01001AE5B5 /* CurrencyConverterComparisonCell.xib */ = {isa = PBXFileReference; lastKnownFileType = file.xib; path = CurrencyConverterComparisonCell.xib; sourceTree = "<group>"; };
		FADAB61C27DB7E3C001AE5B5 /* CurrencyConverterComparisonCellViewModel.swift */ = {isa = PBXFileReference; lastKnownFileType = sourcecode.swift; path = CurrencyConverterComparisonCellViewModel.swift; sourceTree = "<group>"; };
		FADAB62D27DB986A001AE5B5 /* CurrencyConverterComparisonViewController.swift */ = {isa = PBXFileReference; lastKnownFileType = sourcecode.swift; path = CurrencyConverterComparisonViewController.swift; sourceTree = "<group>"; };
		FADAB63227DB99C6001AE5B5 /* CurrencyConverterComparisonViewModel.swift */ = {isa = PBXFileReference; lastKnownFileType = sourcecode.swift; path = CurrencyConverterComparisonViewModel.swift; sourceTree = "<group>"; };
		FADAB63727DBBD5F001AE5B5 /* CurrencyConverterComparisonHeaderView.swift */ = {isa = PBXFileReference; lastKnownFileType = sourcecode.swift; path = CurrencyConverterComparisonHeaderView.swift; sourceTree = "<group>"; };
		FADAB63D27DBBD82001AE5B5 /* CurrencyConverterComparisonHeaderView.xib */ = {isa = PBXFileReference; lastKnownFileType = file.xib; path = CurrencyConverterComparisonHeaderView.xib; sourceTree = "<group>"; };
		FADAB64227DBBFE2001AE5B5 /* CurrencyConverterComparisonHeaderViewModel.swift */ = {isa = PBXFileReference; lastKnownFileType = sourcecode.swift; path = CurrencyConverterComparisonHeaderViewModel.swift; sourceTree = "<group>"; };
		FADAB64827DBC0D0001AE5B5 /* InterfaceBuilderView.swift */ = {isa = PBXFileReference; lastKnownFileType = sourcecode.swift; path = InterfaceBuilderView.swift; sourceTree = "<group>"; };
		FADAB65827DBCDF0001AE5B5 /* CurrencyConverterComparisonViewModelTests.swift */ = {isa = PBXFileReference; lastKnownFileType = sourcecode.swift; path = CurrencyConverterComparisonViewModelTests.swift; sourceTree = "<group>"; };
		FADAB67927DCFA5E001AE5B5 /* MockFixerIOClient.swift */ = {isa = PBXFileReference; lastKnownFileType = sourcecode.swift; path = MockFixerIOClient.swift; sourceTree = "<group>"; };
		FADAB6EC27DD1499001AE5B5 /* XCTestExpectations+Extensions.swift */ = {isa = PBXFileReference; lastKnownFileType = sourcecode.swift; path = "XCTestExpectations+Extensions.swift"; sourceTree = "<group>"; };
		FADAB6F827DD3BAF001AE5B5 /* CurrencyConverterOverviewViewModelTests.swift */ = {isa = PBXFileReference; lastKnownFileType = sourcecode.swift; path = CurrencyConverterOverviewViewModelTests.swift; sourceTree = "<group>"; };
		FAEA07D927D3AF1E00D38E40 /* FreeAgent Tech Test.app */ = {isa = PBXFileReference; explicitFileType = wrapper.application; includeInIndex = 0; path = "FreeAgent Tech Test.app"; sourceTree = BUILT_PRODUCTS_DIR; };
		FAEA07DC27D3AF1E00D38E40 /* AppDelegate.swift */ = {isa = PBXFileReference; lastKnownFileType = sourcecode.swift; path = AppDelegate.swift; sourceTree = "<group>"; };
		FAEA07DE27D3AF1E00D38E40 /* SceneDelegate.swift */ = {isa = PBXFileReference; lastKnownFileType = sourcecode.swift; path = SceneDelegate.swift; sourceTree = "<group>"; };
		FAEA07E327D3AF1E00D38E40 /* Base */ = {isa = PBXFileReference; lastKnownFileType = file.storyboard; name = Base; path = Base.lproj/Main.storyboard; sourceTree = "<group>"; };
		FAEA07E527D3AF1F00D38E40 /* Assets.xcassets */ = {isa = PBXFileReference; lastKnownFileType = folder.assetcatalog; path = Assets.xcassets; sourceTree = "<group>"; };
		FAEA07E827D3AF1F00D38E40 /* Base */ = {isa = PBXFileReference; lastKnownFileType = file.storyboard; name = Base; path = Base.lproj/LaunchScreen.storyboard; sourceTree = "<group>"; };
		FAEA07EA27D3AF1F00D38E40 /* Info.plist */ = {isa = PBXFileReference; lastKnownFileType = text.plist.xml; path = Info.plist; sourceTree = "<group>"; };
		FAEA07EF27D3AF1F00D38E40 /* FreeAgent Tech TestTests.xctest */ = {isa = PBXFileReference; explicitFileType = wrapper.cfbundle; includeInIndex = 0; path = "FreeAgent Tech TestTests.xctest"; sourceTree = BUILT_PRODUCTS_DIR; };
		FAEA07F527D3AF2000D38E40 /* Info.plist */ = {isa = PBXFileReference; lastKnownFileType = text.plist.xml; path = Info.plist; sourceTree = "<group>"; };
		FAEA07FA27D3AF2000D38E40 /* FreeAgent Tech TestUITests.xctest */ = {isa = PBXFileReference; explicitFileType = wrapper.cfbundle; includeInIndex = 0; path = "FreeAgent Tech TestUITests.xctest"; sourceTree = BUILT_PRODUCTS_DIR; };
		FAEA07FE27D3AF2000D38E40 /* FreeAgent_Tech_TestUITests.swift */ = {isa = PBXFileReference; lastKnownFileType = sourcecode.swift; path = FreeAgent_Tech_TestUITests.swift; sourceTree = "<group>"; };
		FAEA080027D3AF2000D38E40 /* Info.plist */ = {isa = PBXFileReference; lastKnownFileType = text.plist.xml; path = Info.plist; sourceTree = "<group>"; };
		FAEA082927D3BE6E00D38E40 /* AppCoordinator.swift */ = {isa = PBXFileReference; lastKnownFileType = sourcecode.swift; path = AppCoordinator.swift; sourceTree = "<group>"; };
		FAEA083227D3BF0F00D38E40 /* Coordinator.swift */ = {isa = PBXFileReference; lastKnownFileType = sourcecode.swift; path = Coordinator.swift; sourceTree = "<group>"; };
		FAEA084127D3C38D00D38E40 /* Error.swift */ = {isa = PBXFileReference; lastKnownFileType = sourcecode.swift; path = Error.swift; sourceTree = "<group>"; };
		FAEA084B27D3C6D400D38E40 /* CurrencyConverterCoordinator.swift */ = {isa = PBXFileReference; lastKnownFileType = sourcecode.swift; path = CurrencyConverterCoordinator.swift; sourceTree = "<group>"; };
		FAEA087727D4FDFA00D38E40 /* CurrencyConverterOverviewViewController.swift */ = {isa = PBXFileReference; lastKnownFileType = sourcecode.swift; path = CurrencyConverterOverviewViewController.swift; sourceTree = "<group>"; };
		FAEA087C27D4FE1700D38E40 /* CurrencyConverter.storyboard */ = {isa = PBXFileReference; lastKnownFileType = file.storyboard; path = CurrencyConverter.storyboard; sourceTree = "<group>"; };
		FAEA088427D503DE00D38E40 /* CurrencyConverterOverviewViewModel.swift */ = {isa = PBXFileReference; lastKnownFileType = sourcecode.swift; path = CurrencyConverterOverviewViewModel.swift; sourceTree = "<group>"; };
		FAEA08AD27D519A000D38E40 /* CurrencyConverterOverviewCellViewModel.swift */ = {isa = PBXFileReference; lastKnownFileType = sourcecode.swift; path = CurrencyConverterOverviewCellViewModel.swift; sourceTree = "<group>"; };
		FAEA08B527D536FF00D38E40 /* ObservableConvertible+RxExtensions.swift */ = {isa = PBXFileReference; lastKnownFileType = sourcecode.swift; path = "ObservableConvertible+RxExtensions.swift"; sourceTree = "<group>"; };
		FAEA08D127D62B5500D38E40 /* CurrencyConverterOverviewCell.swift */ = {isa = PBXFileReference; lastKnownFileType = sourcecode.swift; path = CurrencyConverterOverviewCell.swift; sourceTree = "<group>"; };
		FAEA08D927D62DB300D38E40 /* CurrencyConverterOverviewCell.xib */ = {isa = PBXFileReference; lastKnownFileType = file.xib; path = CurrencyConverterOverviewCell.xib; sourceTree = "<group>"; };
		FAEA08E127D635D300D38E40 /* UITableViewExtensions.swift */ = {isa = PBXFileReference; lastKnownFileType = sourcecode.swift; path = UITableViewExtensions.swift; sourceTree = "<group>"; };
/* End PBXFileReference section */

/* Begin PBXFrameworksBuildPhase section */
		FAEA07D627D3AF1E00D38E40 /* Frameworks */ = {
			isa = PBXFrameworksBuildPhase;
			buildActionMask = 2147483647;
			files = (
				4CBC980EF59E068766319EC8 /* Pods_FreeAgent_Tech_Test.framework in Frameworks */,
			);
			runOnlyForDeploymentPostprocessing = 0;
		};
		FAEA07EC27D3AF1F00D38E40 /* Frameworks */ = {
			isa = PBXFrameworksBuildPhase;
			buildActionMask = 2147483647;
			files = (
				5BF489F1E77F25D845D61411 /* Pods_FreeAgent_Tech_TestTests.framework in Frameworks */,
			);
			runOnlyForDeploymentPostprocessing = 0;
		};
		FAEA07F727D3AF2000D38E40 /* Frameworks */ = {
			isa = PBXFrameworksBuildPhase;
			buildActionMask = 2147483647;
			files = (
				68FAF3CF7C733824A36C11DF /* Pods_FreeAgent_Tech_Test_FreeAgent_Tech_TestUITests.framework in Frameworks */,
			);
			runOnlyForDeploymentPostprocessing = 0;
		};
/* End PBXFrameworksBuildPhase section */

/* Begin PBXGroup section */
		40E9D0AB0E60B6D23D8E456D /* Frameworks */ = {
			isa = PBXGroup;
			children = (
				5BC2502DB1C86BFACA765B7A /* Pods_FreeAgent_Tech_Test.framework */,
				ACB09905362586E23AC6C994 /* Pods_FreeAgent_Tech_Test_FreeAgent_Tech_TestUITests.framework */,
				D2F9D60B695F5D06DE4841F3 /* Pods_FreeAgent_Tech_TestTests.framework */,
			);
			name = Frameworks;
			sourceTree = "<group>";
		};
		632D7625FB4DEF3E9769504C /* Pods */ = {
			isa = PBXGroup;
			children = (
				F4415A25C9CBC040CC49E081 /* Pods-FreeAgent Tech Test.debug.xcconfig */,
				E5746ACCA94D4260543D5CD8 /* Pods-FreeAgent Tech Test.release.xcconfig */,
				768B54DB7D3B942587D2D9CA /* Pods-FreeAgent Tech Test-FreeAgent Tech TestUITests.debug.xcconfig */,
				7B18D47AAFB4EE89D8EC11CE /* Pods-FreeAgent Tech Test-FreeAgent Tech TestUITests.release.xcconfig */,
				F04119C1AC6C9E329D4D28AF /* Pods-FreeAgent Tech TestTests.debug.xcconfig */,
				DD0300DC2158325EE45C99FB /* Pods-FreeAgent Tech TestTests.release.xcconfig */,
			);
			path = Pods;
			sourceTree = "<group>";
		};
		FABB353A27D7AFED00A1CEB6 /* UI */ = {
			isa = PBXGroup;
			children = (
				FABB353527D7AFE900A1CEB6 /* FreeAgentButton.swift */,
			);
			path = UI;
			sourceTree = "<group>";
		};
		FABB353E27D7BFCC00A1CEB6 /* Networking */ = {
			isa = PBXGroup;
			children = (
				FADAB5FB27DB7304001AE5B5 /* Client */,
				FADAB5EF27DB689B001AE5B5 /* Models */,
			);
			path = Networking;
			sourceTree = "<group>";
		};
		FABB354427D7C0AD00A1CEB6 /* Networking */ = {
			isa = PBXGroup;
			children = (
				FABB354527D7C0C100A1CEB6 /* RequestType.swift */,
				FABB355F27D7E86E00A1CEB6 /* Endpoints.swift */,
				FAD42FED27D8F83E002FF179 /* APICall.swift */,
			);
			path = Networking;
			sourceTree = "<group>";
		};
		FADAB5EF27DB689B001AE5B5 /* Models */ = {
			isa = PBXGroup;
			children = (
				FABB355527D7D02D00A1CEB6 /* Currency.swift */,
			);
			path = Models;
			sourceTree = "<group>";
		};
		FADAB5FB27DB7304001AE5B5 /* Client */ = {
			isa = PBXGroup;
			children = (
				FADAB5FC27DB7324001AE5B5 /* FixerIOClient.swift */,
			);
			path = Client;
			sourceTree = "<group>";
		};
		FADAB60D27DB7D9A001AE5B5 /* Table View */ = {
			isa = PBXGroup;
			children = (
				FADAB63C27DBBD67001AE5B5 /* Header */,
				FADAB60E27DB7DC4001AE5B5 /* Cells */,
			);
			path = "Table View";
			sourceTree = "<group>";
		};
		FADAB60E27DB7DC4001AE5B5 /* Cells */ = {
			isa = PBXGroup;
			children = (
				FADAB60F27DB7E01001AE5B5 /* CurrencyConverterComparisonCell.swift */,
				FADAB61027DB7E01001AE5B5 /* CurrencyConverterComparisonCell.xib */,
				FADAB61C27DB7E3C001AE5B5 /* CurrencyConverterComparisonCellViewModel.swift */,
			);
			path = Cells;
			sourceTree = "<group>";
		};
		FADAB63C27DBBD67001AE5B5 /* Header */ = {
			isa = PBXGroup;
			children = (
				FADAB63727DBBD5F001AE5B5 /* CurrencyConverterComparisonHeaderView.swift */,
				FADAB63D27DBBD82001AE5B5 /* CurrencyConverterComparisonHeaderView.xib */,
				FADAB64227DBBFE2001AE5B5 /* CurrencyConverterComparisonHeaderViewModel.swift */,
			);
			path = Header;
			sourceTree = "<group>";
		};
		FADAB64727DBC0C0001AE5B5 /* Views */ = {
			isa = PBXGroup;
			children = (
				FADAB64827DBC0D0001AE5B5 /* InterfaceBuilderView.swift */,
			);
			path = Views;
			sourceTree = "<group>";
		};
		FADAB67527DCF9B7001AE5B5 /* Overview */ = {
			isa = PBXGroup;
			children = (
				FADAB6F827DD3BAF001AE5B5 /* CurrencyConverterOverviewViewModelTests.swift */,
			);
			path = Overview;
			sourceTree = "<group>";
		};
		FADAB67627DCF9BE001AE5B5 /* Comparison */ = {
			isa = PBXGroup;
			children = (
				FADAB65827DBCDF0001AE5B5 /* CurrencyConverterComparisonViewModelTests.swift */,
			);
			path = Comparison;
			sourceTree = "<group>";
		};
		FADAB67727DCF9F6001AE5B5 /* Currency Converter */ = {
			isa = PBXGroup;
			children = (
				FADAB67827DCFA2F001AE5B5 /* Networking */,
				FADAB67527DCF9B7001AE5B5 /* Overview */,
				FADAB67627DCF9BE001AE5B5 /* Comparison */,
			);
			path = "Currency Converter";
			sourceTree = "<group>";
		};
		FADAB67827DCFA2F001AE5B5 /* Networking */ = {
			isa = PBXGroup;
			children = (
				FADAB67927DCFA5E001AE5B5 /* MockFixerIOClient.swift */,
			);
			path = Networking;
			sourceTree = "<group>";
		};
		FAEA07D027D3AF1E00D38E40 = {
			isa = PBXGroup;
			children = (
				FAEA07DB27D3AF1E00D38E40 /* FreeAgent Tech Test */,
				FAEA07F227D3AF1F00D38E40 /* FreeAgent Tech TestTests */,
				FAEA07FD27D3AF2000D38E40 /* FreeAgent Tech TestUITests */,
				FAEA07DA27D3AF1E00D38E40 /* Products */,
				632D7625FB4DEF3E9769504C /* Pods */,
				40E9D0AB0E60B6D23D8E456D /* Frameworks */,
			);
			sourceTree = "<group>";
		};
		FAEA07DA27D3AF1E00D38E40 /* Products */ = {
			isa = PBXGroup;
			children = (
				FAEA07D927D3AF1E00D38E40 /* FreeAgent Tech Test.app */,
				FAEA07EF27D3AF1F00D38E40 /* FreeAgent Tech TestTests.xctest */,
				FAEA07FA27D3AF2000D38E40 /* FreeAgent Tech TestUITests.xctest */,
			);
			name = Products;
			sourceTree = "<group>";
		};
		FAEA07DB27D3AF1E00D38E40 /* FreeAgent Tech Test */ = {
			isa = PBXGroup;
			children = (
				FAEA082527D3BB5900D38E40 /* Application */,
				FAEA083A27D3C27E00D38E40 /* Common */,
				FAEA084927D3C68A00D38E40 /* Features */,
				FAEA07E227D3AF1E00D38E40 /* Main.storyboard */,
				FAEA07E527D3AF1F00D38E40 /* Assets.xcassets */,
				FAEA07E727D3AF1F00D38E40 /* LaunchScreen.storyboard */,
				FAEA07EA27D3AF1F00D38E40 /* Info.plist */,
			);
			path = "FreeAgent Tech Test";
			sourceTree = "<group>";
		};
		FAEA07F227D3AF1F00D38E40 /* FreeAgent Tech TestTests */ = {
			isa = PBXGroup;
			children = (
				FADAB67727DCF9F6001AE5B5 /* Currency Converter */,
				FAEA07F527D3AF2000D38E40 /* Info.plist */,
			);
			path = "FreeAgent Tech TestTests";
			sourceTree = "<group>";
		};
		FAEA07FD27D3AF2000D38E40 /* FreeAgent Tech TestUITests */ = {
			isa = PBXGroup;
			children = (
				FAEA07FE27D3AF2000D38E40 /* FreeAgent_Tech_TestUITests.swift */,
				FAEA080027D3AF2000D38E40 /* Info.plist */,
			);
			path = "FreeAgent Tech TestUITests";
			sourceTree = "<group>";
		};
		FAEA082527D3BB5900D38E40 /* Application */ = {
			isa = PBXGroup;
			children = (
				FAEA07DC27D3AF1E00D38E40 /* AppDelegate.swift */,
				FAEA07DE27D3AF1E00D38E40 /* SceneDelegate.swift */,
				FAEA082927D3BE6E00D38E40 /* AppCoordinator.swift */,
				FABB350F27D6588500A1CEB6 /* main.swift */,
				FABB352227D6599100A1CEB6 /* MyApplication.swift */,
			);
			path = Application;
			sourceTree = "<group>";
		};
		FAEA083127D3BEF900D38E40 /* Protocols */ = {
			isa = PBXGroup;
			children = (
				FAEA083227D3BF0F00D38E40 /* Coordinator.swift */,
				FABB350A27D653AC00A1CEB6 /* Storyboardable.swift */,
			);
			path = Protocols;
			sourceTree = "<group>";
		};
		FAEA083A27D3C27E00D38E40 /* Common */ = {
			isa = PBXGroup;
			children = (
				FADAB64727DBC0C0001AE5B5 /* Views */,
				FABB354427D7C0AD00A1CEB6 /* Networking */,
				FABB353A27D7AFED00A1CEB6 /* UI */,
				FAEA08BA27D537B900D38E40 /* Rx */,
				FAEA086527D3CE9700D38E40 /* Classes */,
				FAEA086127D3CB9900D38E40 /* Structs */,
				FAEA085827D3C8EB00D38E40 /* Extensions */,
				FAEA083127D3BEF900D38E40 /* Protocols */,
			);
			path = Common;
			sourceTree = "<group>";
		};
		FAEA084927D3C68A00D38E40 /* Features */ = {
			isa = PBXGroup;
			children = (
				FAEA084A27D3C69B00D38E40 /* Currency Converter */,
			);
			path = Features;
			sourceTree = "<group>";
		};
		FAEA084A27D3C69B00D38E40 /* Currency Converter */ = {
			isa = PBXGroup;
			children = (
				FABB353E27D7BFCC00A1CEB6 /* Networking */,
				FAEA087C27D4FE1700D38E40 /* CurrencyConverter.storyboard */,
				FAEA084B27D3C6D400D38E40 /* CurrencyConverterCoordinator.swift */,
				FAEA085627D3C87700D38E40 /* Overview */,
				FAEA085727D3C88200D38E40 /* Comparison */,
			);
			path = "Currency Converter";
			sourceTree = "<group>";
		};
		FAEA085627D3C87700D38E40 /* Overview */ = {
			isa = PBXGroup;
			children = (
				FAEA088C27D50AE700D38E40 /* Table View */,
				FAEA087727D4FDFA00D38E40 /* CurrencyConverterOverviewViewController.swift */,
				FAEA088427D503DE00D38E40 /* CurrencyConverterOverviewViewModel.swift */,
			);
			path = Overview;
			sourceTree = "<group>";
		};
		FAEA085727D3C88200D38E40 /* Comparison */ = {
			isa = PBXGroup;
			children = (
				FADAB60D27DB7D9A001AE5B5 /* Table View */,
				FADAB62D27DB986A001AE5B5 /* CurrencyConverterComparisonViewController.swift */,
				FADAB63227DB99C6001AE5B5 /* CurrencyConverterComparisonViewModel.swift */,
			);
			path = Comparison;
			sourceTree = "<group>";
		};
		FAEA085827D3C8EB00D38E40 /* Extensions */ = {
			isa = PBXGroup;
			children = (
				FAEA08B527D536FF00D38E40 /* ObservableConvertible+RxExtensions.swift */,
				FAEA08E127D635D300D38E40 /* UITableViewExtensions.swift */,
				FABB352D27D7961100A1CEB6 /* UIColor+Extensions.swift */,
				FADAB5E527DB60D4001AE5B5 /* DateFormatter+Extensions.swift */,
				FADAB5EA27DB633C001AE5B5 /* Date+Extensions.swift */,
				FADAB6EC27DD1499001AE5B5 /* XCTestExpectations+Extensions.swift */,
			);
			path = Extensions;
			sourceTree = "<group>";
		};
		FAEA086127D3CB9900D38E40 /* Structs */ = {
			isa = PBXGroup;
			children = (
				FAEA084127D3C38D00D38E40 /* Error.swift */,
				FABB355A27D7DE6000A1CEB6 /* AlertConfig.swift */,
			);
			path = Structs;
			sourceTree = "<group>";
		};
		FAEA086527D3CE9700D38E40 /* Classes */ = {
			isa = PBXGroup;
			children = (
			);
			path = Classes;
			sourceTree = "<group>";
		};
		FAEA088C27D50AE700D38E40 /* Table View */ = {
			isa = PBXGroup;
			children = (
				FAEA08AC27D5193900D38E40 /* Cells */,
			);
			path = "Table View";
			sourceTree = "<group>";
		};
		FAEA08AC27D5193900D38E40 /* Cells */ = {
			isa = PBXGroup;
			children = (
				FAEA08D927D62DB300D38E40 /* CurrencyConverterOverviewCell.xib */,
				FAEA08D127D62B5500D38E40 /* CurrencyConverterOverviewCell.swift */,
				FAEA08AD27D519A000D38E40 /* CurrencyConverterOverviewCellViewModel.swift */,
			);
			path = Cells;
			sourceTree = "<group>";
		};
		FAEA08BA27D537B900D38E40 /* Rx */ = {
			isa = PBXGroup;
			children = (
			);
			path = Rx;
			sourceTree = "<group>";
		};
/* End PBXGroup section */

/* Begin PBXNativeTarget section */
		FAEA07D827D3AF1E00D38E40 /* FreeAgent Tech Test */ = {
			isa = PBXNativeTarget;
			buildConfigurationList = FAEA080327D3AF2000D38E40 /* Build configuration list for PBXNativeTarget "FreeAgent Tech Test" */;
			buildPhases = (
				6EE124B6F6505C020AD12B29 /* [CP] Check Pods Manifest.lock */,
				FAEA07D527D3AF1E00D38E40 /* Sources */,
				FAEA07D627D3AF1E00D38E40 /* Frameworks */,
				FAEA07D727D3AF1E00D38E40 /* Resources */,
				63030B1A0EE6E42AF5F8B224 /* [CP] Embed Pods Frameworks */,
			);
			buildRules = (
			);
			dependencies = (
			);
			name = "FreeAgent Tech Test";
			productName = "FreeAgent Tech Test";
			productReference = FAEA07D927D3AF1E00D38E40 /* FreeAgent Tech Test.app */;
			productType = "com.apple.product-type.application";
		};
		FAEA07EE27D3AF1F00D38E40 /* FreeAgent Tech TestTests */ = {
			isa = PBXNativeTarget;
			buildConfigurationList = FAEA080627D3AF2000D38E40 /* Build configuration list for PBXNativeTarget "FreeAgent Tech TestTests" */;
			buildPhases = (
				8BDC7A2040A9762B1722D857 /* [CP] Check Pods Manifest.lock */,
				FAEA07EB27D3AF1F00D38E40 /* Sources */,
				FAEA07EC27D3AF1F00D38E40 /* Frameworks */,
				FAEA07ED27D3AF1F00D38E40 /* Resources */,
				40DAA006AAA7BA4EDD8C4D39 /* [CP] Embed Pods Frameworks */,
			);
			buildRules = (
			);
			dependencies = (
				FAEA07F127D3AF1F00D38E40 /* PBXTargetDependency */,
			);
			name = "FreeAgent Tech TestTests";
			productName = "FreeAgent Tech TestTests";
			productReference = FAEA07EF27D3AF1F00D38E40 /* FreeAgent Tech TestTests.xctest */;
			productType = "com.apple.product-type.bundle.unit-test";
		};
		FAEA07F927D3AF2000D38E40 /* FreeAgent Tech TestUITests */ = {
			isa = PBXNativeTarget;
			buildConfigurationList = FAEA080927D3AF2000D38E40 /* Build configuration list for PBXNativeTarget "FreeAgent Tech TestUITests" */;
			buildPhases = (
				0C6904F6EE6FAC561BBD56FC /* [CP] Check Pods Manifest.lock */,
				FAEA07F627D3AF2000D38E40 /* Sources */,
				FAEA07F727D3AF2000D38E40 /* Frameworks */,
				FAEA07F827D3AF2000D38E40 /* Resources */,
				21DC101ECBD8E2523E1B071C /* [CP] Embed Pods Frameworks */,
			);
			buildRules = (
			);
			dependencies = (
				FAEA07FC27D3AF2000D38E40 /* PBXTargetDependency */,
			);
			name = "FreeAgent Tech TestUITests";
			productName = "FreeAgent Tech TestUITests";
			productReference = FAEA07FA27D3AF2000D38E40 /* FreeAgent Tech TestUITests.xctest */;
			productType = "com.apple.product-type.bundle.ui-testing";
		};
/* End PBXNativeTarget section */

/* Begin PBXProject section */
		FAEA07D127D3AF1E00D38E40 /* Project object */ = {
			isa = PBXProject;
			attributes = {
				LastSwiftUpdateCheck = 1240;
				LastUpgradeCheck = 1240;
				TargetAttributes = {
					FAEA07D827D3AF1E00D38E40 = {
						CreatedOnToolsVersion = 12.4;
					};
					FAEA07EE27D3AF1F00D38E40 = {
						CreatedOnToolsVersion = 12.4;
						TestTargetID = FAEA07D827D3AF1E00D38E40;
					};
					FAEA07F927D3AF2000D38E40 = {
						CreatedOnToolsVersion = 12.4;
						TestTargetID = FAEA07D827D3AF1E00D38E40;
					};
				};
			};
			buildConfigurationList = FAEA07D427D3AF1E00D38E40 /* Build configuration list for PBXProject "FreeAgent Tech Test" */;
			compatibilityVersion = "Xcode 9.3";
			developmentRegion = en;
			hasScannedForEncodings = 0;
			knownRegions = (
				en,
				Base,
			);
			mainGroup = FAEA07D027D3AF1E00D38E40;
			productRefGroup = FAEA07DA27D3AF1E00D38E40 /* Products */;
			projectDirPath = "";
			projectRoot = "";
			targets = (
				FAEA07D827D3AF1E00D38E40 /* FreeAgent Tech Test */,
				FAEA07EE27D3AF1F00D38E40 /* FreeAgent Tech TestTests */,
				FAEA07F927D3AF2000D38E40 /* FreeAgent Tech TestUITests */,
			);
		};
/* End PBXProject section */

/* Begin PBXResourcesBuildPhase section */
		FAEA07D727D3AF1E00D38E40 /* Resources */ = {
			isa = PBXResourcesBuildPhase;
			buildActionMask = 2147483647;
			files = (
				FADAB63E27DBBD82001AE5B5 /* CurrencyConverterComparisonHeaderView.xib in Resources */,
				FAEA07E927D3AF1F00D38E40 /* LaunchScreen.storyboard in Resources */,
				FAEA07E627D3AF1F00D38E40 /* Assets.xcassets in Resources */,
				FAEA087D27D4FE1700D38E40 /* CurrencyConverter.storyboard in Resources */,
				FAEA07E427D3AF1E00D38E40 /* Main.storyboard in Resources */,
				FADAB61227DB7E01001AE5B5 /* CurrencyConverterComparisonCell.xib in Resources */,
				FAEA08DA27D62DB300D38E40 /* CurrencyConverterOverviewCell.xib in Resources */,
			);
			runOnlyForDeploymentPostprocessing = 0;
		};
		FAEA07ED27D3AF1F00D38E40 /* Resources */ = {
			isa = PBXResourcesBuildPhase;
			buildActionMask = 2147483647;
			files = (
			);
			runOnlyForDeploymentPostprocessing = 0;
		};
		FAEA07F827D3AF2000D38E40 /* Resources */ = {
			isa = PBXResourcesBuildPhase;
			buildActionMask = 2147483647;
			files = (
			);
			runOnlyForDeploymentPostprocessing = 0;
		};
/* End PBXResourcesBuildPhase section */

/* Begin PBXShellScriptBuildPhase section */
		0C6904F6EE6FAC561BBD56FC /* [CP] Check Pods Manifest.lock */ = {
			isa = PBXShellScriptBuildPhase;
			buildActionMask = 2147483647;
			files = (
			);
			inputFileListPaths = (
			);
			inputPaths = (
				"${PODS_PODFILE_DIR_PATH}/Podfile.lock",
				"${PODS_ROOT}/Manifest.lock",
			);
			name = "[CP] Check Pods Manifest.lock";
			outputFileListPaths = (
			);
			outputPaths = (
				"$(DERIVED_FILE_DIR)/Pods-FreeAgent Tech Test-FreeAgent Tech TestUITests-checkManifestLockResult.txt",
			);
			runOnlyForDeploymentPostprocessing = 0;
			shellPath = /bin/sh;
			shellScript = "diff \"${PODS_PODFILE_DIR_PATH}/Podfile.lock\" \"${PODS_ROOT}/Manifest.lock\" > /dev/null\nif [ $? != 0 ] ; then\n    # print error to STDERR\n    echo \"error: The sandbox is not in sync with the Podfile.lock. Run 'pod install' or update your CocoaPods installation.\" >&2\n    exit 1\nfi\n# This output is used by Xcode 'outputs' to avoid re-running this script phase.\necho \"SUCCESS\" > \"${SCRIPT_OUTPUT_FILE_0}\"\n";
			showEnvVarsInLog = 0;
		};
		21DC101ECBD8E2523E1B071C /* [CP] Embed Pods Frameworks */ = {
			isa = PBXShellScriptBuildPhase;
			buildActionMask = 2147483647;
			files = (
			);
			inputFileListPaths = (
				"${PODS_ROOT}/Target Support Files/Pods-FreeAgent Tech Test-FreeAgent Tech TestUITests/Pods-FreeAgent Tech Test-FreeAgent Tech TestUITests-frameworks-${CONFIGURATION}-input-files.xcfilelist",
			);
			name = "[CP] Embed Pods Frameworks";
			outputFileListPaths = (
				"${PODS_ROOT}/Target Support Files/Pods-FreeAgent Tech Test-FreeAgent Tech TestUITests/Pods-FreeAgent Tech Test-FreeAgent Tech TestUITests-frameworks-${CONFIGURATION}-output-files.xcfilelist",
			);
			runOnlyForDeploymentPostprocessing = 0;
			shellPath = /bin/sh;
			shellScript = "\"${PODS_ROOT}/Target Support Files/Pods-FreeAgent Tech Test-FreeAgent Tech TestUITests/Pods-FreeAgent Tech Test-FreeAgent Tech TestUITests-frameworks.sh\"\n";
			showEnvVarsInLog = 0;
		};
		40DAA006AAA7BA4EDD8C4D39 /* [CP] Embed Pods Frameworks */ = {
			isa = PBXShellScriptBuildPhase;
			buildActionMask = 2147483647;
			files = (
			);
			inputFileListPaths = (
				"${PODS_ROOT}/Target Support Files/Pods-FreeAgent Tech TestTests/Pods-FreeAgent Tech TestTests-frameworks-${CONFIGURATION}-input-files.xcfilelist",
			);
			name = "[CP] Embed Pods Frameworks";
			outputFileListPaths = (
				"${PODS_ROOT}/Target Support Files/Pods-FreeAgent Tech TestTests/Pods-FreeAgent Tech TestTests-frameworks-${CONFIGURATION}-output-files.xcfilelist",
			);
			runOnlyForDeploymentPostprocessing = 0;
			shellPath = /bin/sh;
			shellScript = "\"${PODS_ROOT}/Target Support Files/Pods-FreeAgent Tech TestTests/Pods-FreeAgent Tech TestTests-frameworks.sh\"\n";
			showEnvVarsInLog = 0;
		};
		63030B1A0EE6E42AF5F8B224 /* [CP] Embed Pods Frameworks */ = {
			isa = PBXShellScriptBuildPhase;
			buildActionMask = 2147483647;
			files = (
			);
			inputFileListPaths = (
				"${PODS_ROOT}/Target Support Files/Pods-FreeAgent Tech Test/Pods-FreeAgent Tech Test-frameworks-${CONFIGURATION}-input-files.xcfilelist",
			);
			name = "[CP] Embed Pods Frameworks";
			outputFileListPaths = (
				"${PODS_ROOT}/Target Support Files/Pods-FreeAgent Tech Test/Pods-FreeAgent Tech Test-frameworks-${CONFIGURATION}-output-files.xcfilelist",
			);
			runOnlyForDeploymentPostprocessing = 0;
			shellPath = /bin/sh;
			shellScript = "\"${PODS_ROOT}/Target Support Files/Pods-FreeAgent Tech Test/Pods-FreeAgent Tech Test-frameworks.sh\"\n";
			showEnvVarsInLog = 0;
		};
		6EE124B6F6505C020AD12B29 /* [CP] Check Pods Manifest.lock */ = {
			isa = PBXShellScriptBuildPhase;
			buildActionMask = 2147483647;
			files = (
			);
			inputFileListPaths = (
			);
			inputPaths = (
				"${PODS_PODFILE_DIR_PATH}/Podfile.lock",
				"${PODS_ROOT}/Manifest.lock",
			);
			name = "[CP] Check Pods Manifest.lock";
			outputFileListPaths = (
			);
			outputPaths = (
				"$(DERIVED_FILE_DIR)/Pods-FreeAgent Tech Test-checkManifestLockResult.txt",
			);
			runOnlyForDeploymentPostprocessing = 0;
			shellPath = /bin/sh;
			shellScript = "diff \"${PODS_PODFILE_DIR_PATH}/Podfile.lock\" \"${PODS_ROOT}/Manifest.lock\" > /dev/null\nif [ $? != 0 ] ; then\n    # print error to STDERR\n    echo \"error: The sandbox is not in sync with the Podfile.lock. Run 'pod install' or update your CocoaPods installation.\" >&2\n    exit 1\nfi\n# This output is used by Xcode 'outputs' to avoid re-running this script phase.\necho \"SUCCESS\" > \"${SCRIPT_OUTPUT_FILE_0}\"\n";
			showEnvVarsInLog = 0;
		};
		8BDC7A2040A9762B1722D857 /* [CP] Check Pods Manifest.lock */ = {
			isa = PBXShellScriptBuildPhase;
			buildActionMask = 2147483647;
			files = (
			);
			inputFileListPaths = (
			);
			inputPaths = (
				"${PODS_PODFILE_DIR_PATH}/Podfile.lock",
				"${PODS_ROOT}/Manifest.lock",
			);
			name = "[CP] Check Pods Manifest.lock";
			outputFileListPaths = (
			);
			outputPaths = (
				"$(DERIVED_FILE_DIR)/Pods-FreeAgent Tech TestTests-checkManifestLockResult.txt",
			);
			runOnlyForDeploymentPostprocessing = 0;
			shellPath = /bin/sh;
			shellScript = "diff \"${PODS_PODFILE_DIR_PATH}/Podfile.lock\" \"${PODS_ROOT}/Manifest.lock\" > /dev/null\nif [ $? != 0 ] ; then\n    # print error to STDERR\n    echo \"error: The sandbox is not in sync with the Podfile.lock. Run 'pod install' or update your CocoaPods installation.\" >&2\n    exit 1\nfi\n# This output is used by Xcode 'outputs' to avoid re-running this script phase.\necho \"SUCCESS\" > \"${SCRIPT_OUTPUT_FILE_0}\"\n";
			showEnvVarsInLog = 0;
		};
/* End PBXShellScriptBuildPhase section */

/* Begin PBXSourcesBuildPhase section */
		FAEA07D527D3AF1E00D38E40 /* Sources */ = {
			isa = PBXSourcesBuildPhase;
			buildActionMask = 2147483647;
			files = (
				FAEA08D227D62B5500D38E40 /* CurrencyConverterOverviewCell.swift in Sources */,
				FABB350B27D653AC00A1CEB6 /* Storyboardable.swift in Sources */,
				FAEA088527D503DE00D38E40 /* CurrencyConverterOverviewViewModel.swift in Sources */,
				FADAB5EB27DB633C001AE5B5 /* Date+Extensions.swift in Sources */,
				FAEA07DD27D3AF1E00D38E40 /* AppDelegate.swift in Sources */,
				FABB353627D7AFE900A1CEB6 /* FreeAgentButton.swift in Sources */,
				FAEA08AE27D519A000D38E40 /* CurrencyConverterOverviewCellViewModel.swift in Sources */,
				FAEA087827D4FDFA00D38E40 /* CurrencyConverterOverviewViewController.swift in Sources */,
				FADAB6A127DD0CDC001AE5B5 /* CurrencyConverterComparisonHeaderView.swift in Sources */,
				FADAB64927DBC0D0001AE5B5 /* InterfaceBuilderView.swift in Sources */,
				FADAB63327DB99C6001AE5B5 /* CurrencyConverterComparisonViewModel.swift in Sources */,
				FAEA084C27D3C6D400D38E40 /* CurrencyConverterCoordinator.swift in Sources */,
				FABB352327D6599100A1CEB6 /* MyApplication.swift in Sources */,
				FABB356027D7E86E00A1CEB6 /* Endpoints.swift in Sources */,
				FAEA08E227D635D300D38E40 /* UITableViewExtensions.swift in Sources */,
				FAEA083327D3BF0F00D38E40 /* Coordinator.swift in Sources */,
				FABB355B27D7DE6000A1CEB6 /* AlertConfig.swift in Sources */,
				FAEA082A27D3BE6E00D38E40 /* AppCoordinator.swift in Sources */,
				FADAB62E27DB986A001AE5B5 /* CurrencyConverterComparisonViewController.swift in Sources */,
				FADAB5FD27DB7324001AE5B5 /* FixerIOClient.swift in Sources */,
				FABB352E27D7961100A1CEB6 /* UIColor+Extensions.swift in Sources */,
				FABB354627D7C0C100A1CEB6 /* RequestType.swift in Sources */,
				FADAB61127DB7E01001AE5B5 /* CurrencyConverterComparisonCell.swift in Sources */,
				FABB351027D6588500A1CEB6 /* main.swift in Sources */,
				FADAB5E627DB60D4001AE5B5 /* DateFormatter+Extensions.swift in Sources */,
				FABB355627D7D02D00A1CEB6 /* Currency.swift in Sources */,
				FADAB61D27DB7E3C001AE5B5 /* CurrencyConverterComparisonCellViewModel.swift in Sources */,
				FAEA07DF27D3AF1E00D38E40 /* SceneDelegate.swift in Sources */,
				FADAB64327DBBFE2001AE5B5 /* CurrencyConverterComparisonHeaderViewModel.swift in Sources */,
				FAEA08B627D536FF00D38E40 /* ObservableConvertible+RxExtensions.swift in Sources */,
				FAD42FEE27D8F83E002FF179 /* APICall.swift in Sources */,
				FAEA084227D3C38D00D38E40 /* Error.swift in Sources */,
			);
			runOnlyForDeploymentPostprocessing = 0;
		};
		FAEA07EB27D3AF1F00D38E40 /* Sources */ = {
			isa = PBXSourcesBuildPhase;
			buildActionMask = 2147483647;
			files = (
				FADAB66D27DBD038001AE5B5 /* FixerIOClient.swift in Sources */,
				FADAB6C027DD0E9F001AE5B5 /* CurrencyConverterOverviewCell.swift in Sources */,
				FADAB6A527DD0D01001AE5B5 /* AlertConfig.swift in Sources */,
				FADAB66927DBCF6B001AE5B5 /* CurrencyConverterOverviewViewModel.swift in Sources */,
				FADAB68E27DD0C1F001AE5B5 /* CurrencyConverterOverviewCellViewModel.swift in Sources */,
				FADAB65927DBCDF0001AE5B5 /* CurrencyConverterComparisonViewModelTests.swift in Sources */,
				FADAB67127DBD090001AE5B5 /* Currency.swift in Sources */,
				FADAB6F127DD14A3001AE5B5 /* XCTestExpectations+Extensions.swift in Sources */,
				FADAB6B827DD0E84001AE5B5 /* InterfaceBuilderView.swift in Sources */,
				FADAB6D427DD0F80001AE5B5 /* Date+Extensions.swift in Sources */,
				FADAB6CC27DD0F2C001AE5B5 /* Endpoints.swift in Sources */,
				FADAB65D27DBCDF8001AE5B5 /* CurrencyConverterComparisonViewModel.swift in Sources */,
				FADAB6C827DD0F05001AE5B5 /* UIColor+Extensions.swift in Sources */,
				FADAB67A27DCFA5E001AE5B5 /* MockFixerIOClient.swift in Sources */,
				FADAB66527DBCF68001AE5B5 /* CurrencyConverterOverviewViewController.swift in Sources */,
				FADAB6C427DD0EBB001AE5B5 /* APICall.swift in Sources */,
				FADAB69A27DD0CC8001AE5B5 /* CurrencyConverterComparisonHeaderViewModel.swift in Sources */,
				FADAB6B027DD0E08001AE5B5 /* CurrencyConverterComparisonCell.swift in Sources */,
				FADAB6D027DD0F2E001AE5B5 /* RequestType.swift in Sources */,
				FADAB69227DD0C2E001AE5B5 /* CurrencyConverterComparisonCellViewModel.swift in Sources */,
				FADAB6DE27DD0FF6001AE5B5 /* DateFormatter+Extensions.swift in Sources */,
				FADAB6F927DD3BAF001AE5B5 /* CurrencyConverterOverviewViewModelTests.swift in Sources */,
				FADAB6BC27DD0E96001AE5B5 /* Storyboardable.swift in Sources */,
			);
			runOnlyForDeploymentPostprocessing = 0;
		};
		FAEA07F627D3AF2000D38E40 /* Sources */ = {
			isa = PBXSourcesBuildPhase;
			buildActionMask = 2147483647;
			files = (
				FAEA07FF27D3AF2000D38E40 /* FreeAgent_Tech_TestUITests.swift in Sources */,
			);
			runOnlyForDeploymentPostprocessing = 0;
		};
/* End PBXSourcesBuildPhase section */

/* Begin PBXTargetDependency section */
		FAEA07F127D3AF1F00D38E40 /* PBXTargetDependency */ = {
			isa = PBXTargetDependency;
			target = FAEA07D827D3AF1E00D38E40 /* FreeAgent Tech Test */;
			targetProxy = FAEA07F027D3AF1F00D38E40 /* PBXContainerItemProxy */;
		};
		FAEA07FC27D3AF2000D38E40 /* PBXTargetDependency */ = {
			isa = PBXTargetDependency;
			target = FAEA07D827D3AF1E00D38E40 /* FreeAgent Tech Test */;
			targetProxy = FAEA07FB27D3AF2000D38E40 /* PBXContainerItemProxy */;
		};
/* End PBXTargetDependency section */

/* Begin PBXVariantGroup section */
		FAEA07E227D3AF1E00D38E40 /* Main.storyboard */ = {
			isa = PBXVariantGroup;
			children = (
				FAEA07E327D3AF1E00D38E40 /* Base */,
			);
			name = Main.storyboard;
			sourceTree = "<group>";
		};
		FAEA07E727D3AF1F00D38E40 /* LaunchScreen.storyboard */ = {
			isa = PBXVariantGroup;
			children = (
				FAEA07E827D3AF1F00D38E40 /* Base */,
			);
			name = LaunchScreen.storyboard;
			sourceTree = "<group>";
		};
/* End PBXVariantGroup section */

/* Begin XCBuildConfiguration section */
		FAEA080127D3AF2000D38E40 /* Debug */ = {
			isa = XCBuildConfiguration;
			buildSettings = {
				ALWAYS_SEARCH_USER_PATHS = NO;
				CLANG_ANALYZER_NONNULL = YES;
				CLANG_ANALYZER_NUMBER_OBJECT_CONVERSION = YES_AGGRESSIVE;
				CLANG_CXX_LANGUAGE_STANDARD = "gnu++14";
				CLANG_CXX_LIBRARY = "libc++";
				CLANG_ENABLE_MODULES = YES;
				CLANG_ENABLE_OBJC_ARC = YES;
				CLANG_ENABLE_OBJC_WEAK = YES;
				CLANG_WARN_BLOCK_CAPTURE_AUTORELEASING = YES;
				CLANG_WARN_BOOL_CONVERSION = YES;
				CLANG_WARN_COMMA = YES;
				CLANG_WARN_CONSTANT_CONVERSION = YES;
				CLANG_WARN_DEPRECATED_OBJC_IMPLEMENTATIONS = YES;
				CLANG_WARN_DIRECT_OBJC_ISA_USAGE = YES_ERROR;
				CLANG_WARN_DOCUMENTATION_COMMENTS = YES;
				CLANG_WARN_EMPTY_BODY = YES;
				CLANG_WARN_ENUM_CONVERSION = YES;
				CLANG_WARN_INFINITE_RECURSION = YES;
				CLANG_WARN_INT_CONVERSION = YES;
				CLANG_WARN_NON_LITERAL_NULL_CONVERSION = YES;
				CLANG_WARN_OBJC_IMPLICIT_RETAIN_SELF = YES;
				CLANG_WARN_OBJC_LITERAL_CONVERSION = YES;
				CLANG_WARN_OBJC_ROOT_CLASS = YES_ERROR;
				CLANG_WARN_QUOTED_INCLUDE_IN_FRAMEWORK_HEADER = YES;
				CLANG_WARN_RANGE_LOOP_ANALYSIS = YES;
				CLANG_WARN_STRICT_PROTOTYPES = YES;
				CLANG_WARN_SUSPICIOUS_MOVE = YES;
				CLANG_WARN_UNGUARDED_AVAILABILITY = YES_AGGRESSIVE;
				CLANG_WARN_UNREACHABLE_CODE = YES;
				CLANG_WARN__DUPLICATE_METHOD_MATCH = YES;
				COPY_PHASE_STRIP = NO;
				DEBUG_INFORMATION_FORMAT = dwarf;
				ENABLE_STRICT_OBJC_MSGSEND = YES;
				ENABLE_TESTABILITY = YES;
				GCC_C_LANGUAGE_STANDARD = gnu11;
				GCC_DYNAMIC_NO_PIC = NO;
				GCC_NO_COMMON_BLOCKS = YES;
				GCC_OPTIMIZATION_LEVEL = 0;
				GCC_PREPROCESSOR_DEFINITIONS = (
					"DEBUG=1",
					"$(inherited)",
				);
				GCC_WARN_64_TO_32_BIT_CONVERSION = YES;
				GCC_WARN_ABOUT_RETURN_TYPE = YES_ERROR;
				GCC_WARN_UNDECLARED_SELECTOR = YES;
				GCC_WARN_UNINITIALIZED_AUTOS = YES_AGGRESSIVE;
				GCC_WARN_UNUSED_FUNCTION = YES;
				GCC_WARN_UNUSED_VARIABLE = YES;
				IPHONEOS_DEPLOYMENT_TARGET = 14.4;
				MTL_ENABLE_DEBUG_INFO = INCLUDE_SOURCE;
				MTL_FAST_MATH = YES;
				ONLY_ACTIVE_ARCH = YES;
				SDKROOT = iphoneos;
				SWIFT_ACTIVE_COMPILATION_CONDITIONS = DEBUG;
				SWIFT_OPTIMIZATION_LEVEL = "-Onone";
			};
			name = Debug;
		};
		FAEA080227D3AF2000D38E40 /* Release */ = {
			isa = XCBuildConfiguration;
			buildSettings = {
				ALWAYS_SEARCH_USER_PATHS = NO;
				CLANG_ANALYZER_NONNULL = YES;
				CLANG_ANALYZER_NUMBER_OBJECT_CONVERSION = YES_AGGRESSIVE;
				CLANG_CXX_LANGUAGE_STANDARD = "gnu++14";
				CLANG_CXX_LIBRARY = "libc++";
				CLANG_ENABLE_MODULES = YES;
				CLANG_ENABLE_OBJC_ARC = YES;
				CLANG_ENABLE_OBJC_WEAK = YES;
				CLANG_WARN_BLOCK_CAPTURE_AUTORELEASING = YES;
				CLANG_WARN_BOOL_CONVERSION = YES;
				CLANG_WARN_COMMA = YES;
				CLANG_WARN_CONSTANT_CONVERSION = YES;
				CLANG_WARN_DEPRECATED_OBJC_IMPLEMENTATIONS = YES;
				CLANG_WARN_DIRECT_OBJC_ISA_USAGE = YES_ERROR;
				CLANG_WARN_DOCUMENTATION_COMMENTS = YES;
				CLANG_WARN_EMPTY_BODY = YES;
				CLANG_WARN_ENUM_CONVERSION = YES;
				CLANG_WARN_INFINITE_RECURSION = YES;
				CLANG_WARN_INT_CONVERSION = YES;
				CLANG_WARN_NON_LITERAL_NULL_CONVERSION = YES;
				CLANG_WARN_OBJC_IMPLICIT_RETAIN_SELF = YES;
				CLANG_WARN_OBJC_LITERAL_CONVERSION = YES;
				CLANG_WARN_OBJC_ROOT_CLASS = YES_ERROR;
				CLANG_WARN_QUOTED_INCLUDE_IN_FRAMEWORK_HEADER = YES;
				CLANG_WARN_RANGE_LOOP_ANALYSIS = YES;
				CLANG_WARN_STRICT_PROTOTYPES = YES;
				CLANG_WARN_SUSPICIOUS_MOVE = YES;
				CLANG_WARN_UNGUARDED_AVAILABILITY = YES_AGGRESSIVE;
				CLANG_WARN_UNREACHABLE_CODE = YES;
				CLANG_WARN__DUPLICATE_METHOD_MATCH = YES;
				COPY_PHASE_STRIP = NO;
				DEBUG_INFORMATION_FORMAT = "dwarf-with-dsym";
				ENABLE_NS_ASSERTIONS = NO;
				ENABLE_STRICT_OBJC_MSGSEND = YES;
				GCC_C_LANGUAGE_STANDARD = gnu11;
				GCC_NO_COMMON_BLOCKS = YES;
				GCC_WARN_64_TO_32_BIT_CONVERSION = YES;
				GCC_WARN_ABOUT_RETURN_TYPE = YES_ERROR;
				GCC_WARN_UNDECLARED_SELECTOR = YES;
				GCC_WARN_UNINITIALIZED_AUTOS = YES_AGGRESSIVE;
				GCC_WARN_UNUSED_FUNCTION = YES;
				GCC_WARN_UNUSED_VARIABLE = YES;
				IPHONEOS_DEPLOYMENT_TARGET = 14.4;
				MTL_ENABLE_DEBUG_INFO = NO;
				MTL_FAST_MATH = YES;
				SDKROOT = iphoneos;
				SWIFT_COMPILATION_MODE = wholemodule;
				SWIFT_OPTIMIZATION_LEVEL = "-O";
				VALIDATE_PRODUCT = YES;
			};
			name = Release;
		};
		FAEA080427D3AF2000D38E40 /* Debug */ = {
			isa = XCBuildConfiguration;
			baseConfigurationReference = F4415A25C9CBC040CC49E081 /* Pods-FreeAgent Tech Test.debug.xcconfig */;
			buildSettings = {
				ASSETCATALOG_COMPILER_APPICON_NAME = AppIcon;
				ASSETCATALOG_COMPILER_GLOBAL_ACCENT_COLOR_NAME = AccentColor;
				CODE_SIGN_STYLE = Automatic;
				DEVELOPMENT_TEAM = ZYF8UU66TP;
				INFOPLIST_FILE = "FreeAgent Tech Test/Info.plist";
				LD_RUNPATH_SEARCH_PATHS = (
					"$(inherited)",
					"@executable_path/Frameworks",
				);
				PRODUCT_BUNDLE_IDENTIFIER = "Alex-J.FreeAgent-Tech-Test";
				PRODUCT_NAME = "$(TARGET_NAME)";
				SWIFT_VERSION = 5.0;
				TARGETED_DEVICE_FAMILY = "1,2";
			};
			name = Debug;
		};
		FAEA080527D3AF2000D38E40 /* Release */ = {
			isa = XCBuildConfiguration;
			baseConfigurationReference = E5746ACCA94D4260543D5CD8 /* Pods-FreeAgent Tech Test.release.xcconfig */;
			buildSettings = {
				ASSETCATALOG_COMPILER_APPICON_NAME = AppIcon;
				ASSETCATALOG_COMPILER_GLOBAL_ACCENT_COLOR_NAME = AccentColor;
				CODE_SIGN_STYLE = Automatic;
				DEVELOPMENT_TEAM = ZYF8UU66TP;
				INFOPLIST_FILE = "FreeAgent Tech Test/Info.plist";
				LD_RUNPATH_SEARCH_PATHS = (
					"$(inherited)",
					"@executable_path/Frameworks",
				);
				PRODUCT_BUNDLE_IDENTIFIER = "Alex-J.FreeAgent-Tech-Test";
				PRODUCT_NAME = "$(TARGET_NAME)";
				SWIFT_VERSION = 5.0;
				TARGETED_DEVICE_FAMILY = "1,2";
			};
			name = Release;
		};
		FAEA080727D3AF2000D38E40 /* Debug */ = {
			isa = XCBuildConfiguration;
			baseConfigurationReference = F04119C1AC6C9E329D4D28AF /* Pods-FreeAgent Tech TestTests.debug.xcconfig */;
			buildSettings = {
				ALWAYS_EMBED_SWIFT_STANDARD_LIBRARIES = YES;
				BUNDLE_LOADER = "$(TEST_HOST)";
				CODE_SIGN_STYLE = Automatic;
				DEVELOPMENT_TEAM = ZYF8UU66TP;
				INFOPLIST_FILE = "FreeAgent Tech TestTests/Info.plist";
				IPHONEOS_DEPLOYMENT_TARGET = 14.4;
				LD_RUNPATH_SEARCH_PATHS = (
					"$(inherited)",
					"@executable_path/Frameworks",
					"@loader_path/Frameworks",
				);
				PRODUCT_BUNDLE_IDENTIFIER = "Alex-J.FreeAgent-Tech-TestTests";
				PRODUCT_NAME = "$(TARGET_NAME)";
				SWIFT_VERSION = 5.0;
				TARGETED_DEVICE_FAMILY = "1,2";
				TEST_HOST = "$(BUILT_PRODUCTS_DIR)/FreeAgent Tech Test.app/FreeAgent Tech Test";
			};
			name = Debug;
		};
		FAEA080827D3AF2000D38E40 /* Release */ = {
			isa = XCBuildConfiguration;
			baseConfigurationReference = DD0300DC2158325EE45C99FB /* Pods-FreeAgent Tech TestTests.release.xcconfig */;
			buildSettings = {
				ALWAYS_EMBED_SWIFT_STANDARD_LIBRARIES = YES;
				BUNDLE_LOADER = "$(TEST_HOST)";
				CODE_SIGN_STYLE = Automatic;
				DEVELOPMENT_TEAM = ZYF8UU66TP;
				INFOPLIST_FILE = "FreeAgent Tech TestTests/Info.plist";
				IPHONEOS_DEPLOYMENT_TARGET = 14.4;
				LD_RUNPATH_SEARCH_PATHS = (
					"$(inherited)",
					"@executable_path/Frameworks",
					"@loader_path/Frameworks",
				);
				PRODUCT_BUNDLE_IDENTIFIER = "Alex-J.FreeAgent-Tech-TestTests";
				PRODUCT_NAME = "$(TARGET_NAME)";
				SWIFT_VERSION = 5.0;
				TARGETED_DEVICE_FAMILY = "1,2";
				TEST_HOST = "$(BUILT_PRODUCTS_DIR)/FreeAgent Tech Test.app/FreeAgent Tech Test";
			};
			name = Release;
		};
		FAEA080A27D3AF2000D38E40 /* Debug */ = {
			isa = XCBuildConfiguration;
			baseConfigurationReference = 768B54DB7D3B942587D2D9CA /* Pods-FreeAgent Tech Test-FreeAgent Tech TestUITests.debug.xcconfig */;
			buildSettings = {
				ALWAYS_EMBED_SWIFT_STANDARD_LIBRARIES = YES;
				CODE_SIGN_STYLE = Automatic;
				DEVELOPMENT_TEAM = ZYF8UU66TP;
				INFOPLIST_FILE = "FreeAgent Tech TestUITests/Info.plist";
				LD_RUNPATH_SEARCH_PATHS = (
					"$(inherited)",
					"@executable_path/Frameworks",
					"@loader_path/Frameworks",
				);
				PRODUCT_BUNDLE_IDENTIFIER = "Alex-J.FreeAgent-Tech-TestUITests";
				PRODUCT_NAME = "$(TARGET_NAME)";
				SWIFT_VERSION = 5.0;
				TARGETED_DEVICE_FAMILY = "1,2";
				TEST_TARGET_NAME = "FreeAgent Tech Test";
			};
			name = Debug;
		};
		FAEA080B27D3AF2000D38E40 /* Release */ = {
			isa = XCBuildConfiguration;
			baseConfigurationReference = 7B18D47AAFB4EE89D8EC11CE /* Pods-FreeAgent Tech Test-FreeAgent Tech TestUITests.release.xcconfig */;
			buildSettings = {
				ALWAYS_EMBED_SWIFT_STANDARD_LIBRARIES = YES;
				CODE_SIGN_STYLE = Automatic;
				DEVELOPMENT_TEAM = ZYF8UU66TP;
				INFOPLIST_FILE = "FreeAgent Tech TestUITests/Info.plist";
				LD_RUNPATH_SEARCH_PATHS = (
					"$(inherited)",
					"@executable_path/Frameworks",
					"@loader_path/Frameworks",
				);
				PRODUCT_BUNDLE_IDENTIFIER = "Alex-J.FreeAgent-Tech-TestUITests";
				PRODUCT_NAME = "$(TARGET_NAME)";
				SWIFT_VERSION = 5.0;
				TARGETED_DEVICE_FAMILY = "1,2";
				TEST_TARGET_NAME = "FreeAgent Tech Test";
			};
			name = Release;
		};
/* End XCBuildConfiguration section */

/* Begin XCConfigurationList section */
		FAEA07D427D3AF1E00D38E40 /* Build configuration list for PBXProject "FreeAgent Tech Test" */ = {
			isa = XCConfigurationList;
			buildConfigurations = (
				FAEA080127D3AF2000D38E40 /* Debug */,
				FAEA080227D3AF2000D38E40 /* Release */,
			);
			defaultConfigurationIsVisible = 0;
			defaultConfigurationName = Release;
		};
		FAEA080327D3AF2000D38E40 /* Build configuration list for PBXNativeTarget "FreeAgent Tech Test" */ = {
			isa = XCConfigurationList;
			buildConfigurations = (
				FAEA080427D3AF2000D38E40 /* Debug */,
				FAEA080527D3AF2000D38E40 /* Release */,
			);
			defaultConfigurationIsVisible = 0;
			defaultConfigurationName = Release;
		};
		FAEA080627D3AF2000D38E40 /* Build configuration list for PBXNativeTarget "FreeAgent Tech TestTests" */ = {
			isa = XCConfigurationList;
			buildConfigurations = (
				FAEA080727D3AF2000D38E40 /* Debug */,
				FAEA080827D3AF2000D38E40 /* Release */,
			);
			defaultConfigurationIsVisible = 0;
			defaultConfigurationName = Release;
		};
		FAEA080927D3AF2000D38E40 /* Build configuration list for PBXNativeTarget "FreeAgent Tech TestUITests" */ = {
			isa = XCConfigurationList;
			buildConfigurations = (
				FAEA080A27D3AF2000D38E40 /* Debug */,
				FAEA080B27D3AF2000D38E40 /* Release */,
			);
			defaultConfigurationIsVisible = 0;
			defaultConfigurationName = Release;
		};
/* End XCConfigurationList section */
	};
	rootObject = FAEA07D127D3AF1E00D38E40 /* Project object */;
}
